
Microsoft Visual Studio Solution File, Format Version 12.00
# Visual Studio Version 16
VisualStudioVersion = 16.0.28606.126
MinimumVisualStudioVersion = 10.0.40219.1
Project("{8BC9CEB8-8B4A-11D0-8D11-00A0C91BC942}") = "Project2", "Project2.vcxproj", "{0183127C-69DF-4812-9560-4812F3292262}"
EndProject
Global
	GlobalSection(SolutionConfigurationPlatforms) = preSolution
		Debug|x64 = Debug|x64
		Debug|x86 = Debug|x86
		Release|x64 = Release|x64
		Release|x86 = Release|x86
	EndGlobalSection
	GlobalSection(ProjectConfigurationPlatforms) = postSolution
		{0183127C-69DF-4812-9560-4812F3292262}.Debug|x64.ActiveCfg = Debug|x64
		{0183127C-69DF-4812-9560-4812F3292262}.Debug|x64.Build.0 = Debug|x64
		{0183127C-69DF-4812-9560-4812F3292262}.Debug|x86.ActiveCfg = Debug|Win32
		{0183127C-69DF-4812-9560-4812F3292262}.Debug|x86.Build.0 = Debug|Win32
		{0183127C-69DF-4812-9560-4812F3292262}.Release|x64.ActiveCfg = Release|x64
		{0183127C-69DF-4812-9560-4812F3292262}.Release|x64.Build.0 = Release|x64
		{0183127C-69DF-4812-9560-4812F3292262}.Release|x86.ActiveCfg = Release|Win32
		{0183127C-69DF-4812-9560-4812F3292262}.Release|x86.Build.0 = Release|Win32
	EndGlobalSection
	GlobalSection(SolutionProperties) = preSolution
		HideSolutionNode = FALSE
	EndGlobalSection
	GlobalSection(ExtensibilityGlobals) = postSolution
		SolutionGuid = {36B18002-CD04-409D-9D7D-FB7AA9623480}
	EndGlobalSection
EndGlobal
